
Microsoft Visual Studio Solution File, Format Version 12.00
# Visual Studio Version 16
VisualStudioVersion = 16.0.29201.188
MinimumVisualStudioVersion = 10.0.40219.1
Project("{FAE04EC0-301F-11D3-BF4B-00C04F79EFBC}") = "DevSpacesBootcamp.Web", "DevSpacesBootcamp.Web\DevSpacesBootcamp.Web.csproj", "{7F3772D1-ADF7-4441-8A2D-CF391B2F1A48}"
EndProject
Global
	GlobalSection(SolutionConfigurationPlatforms) = preSolution
		Debug|Any CPU = Debug|Any CPU
		Release|Any CPU = Release|Any CPU
	EndGlobalSection
	GlobalSection(ProjectConfigurationPlatforms) = postSolution
		{7F3772D1-ADF7-4441-8A2D-CF391B2F1A48}.Debug|Any CPU.ActiveCfg = Debug|Any CPU
		{7F3772D1-ADF7-4441-8A2D-CF391B2F1A48}.Debug|Any CPU.Build.0 = Debug|Any CPU
		{7F3772D1-ADF7-4441-8A2D-CF391B2F1A48}.Release|Any CPU.ActiveCfg = Release|Any CPU
		{7F3772D1-ADF7-4441-8A2D-CF391B2F1A48}.Release|Any CPU.Build.0 = Release|Any CPU
	EndGlobalSection
	GlobalSection(SolutionProperties) = preSolution
		HideSolutionNode = FALSE
	EndGlobalSection
	GlobalSection(ExtensibilityGlobals) = postSolution
		SolutionGuid = {6AE2DD2C-B2F2-49F8-9D55-3DEAA0A4E9E2}
	EndGlobalSection
EndGlobal
